
Microsoft Visual Studio Solution File, Format Version 12.00
# Visual Studio 15
VisualStudioVersion = 15.0.28307.329
MinimumVisualStudioVersion = 10.0.40219.1
Project("{FAE04EC0-301F-11D3-BF4B-00C04F79EFBC}") = "io_file_adv", "io_file_adv\io_file_adv.csproj", "{38C3D95E-CEB3-450C-9593-620E5133B77F}"
EndProject
Global
	GlobalSection(SolutionConfigurationPlatforms) = preSolution
		Debug|Any CPU = Debug|Any CPU
		Release|Any CPU = Release|Any CPU
	EndGlobalSection
	GlobalSection(ProjectConfigurationPlatforms) = postSolution
		{38C3D95E-CEB3-450C-9593-620E5133B77F}.Debug|Any CPU.ActiveCfg = Debug|Any CPU
		{38C3D95E-CEB3-450C-9593-620E5133B77F}.Debug|Any CPU.Build.0 = Debug|Any CPU
		{38C3D95E-CEB3-450C-9593-620E5133B77F}.Release|Any CPU.ActiveCfg = Release|Any CPU
		{38C3D95E-CEB3-450C-9593-620E5133B77F}.Release|Any CPU.Build.0 = Release|Any CPU
	EndGlobalSection
	GlobalSection(SolutionProperties) = preSolution
		HideSolutionNode = FALSE
	EndGlobalSection
	GlobalSection(ExtensibilityGlobals) = postSolution
		SolutionGuid = {C4913195-93C8-46AB-AEBA-CA5BE388C8CC}
	EndGlobalSection
EndGlobal
